Microsoft Visual Studio Solution File, Format Version 12.00
# Visual Studio Version 17
VisualStudioVersion = 17.5.2.0
MinimumVisualStudioVersion = 10.0.40219.1
Project("{FAE04EC0-301F-11D3-BF4B-00C04F79EFBC}") = "OLEDSaver", "OLEDSaver.csproj", "{99AA1409-5FDA-5371-27C1-1A54BD978F96}"
EndProject
Global
	GlobalSection(SolutionConfigurationPlatforms) = preSolution
		Debug|Any CPU = Debug|Any CPU
		Release|Any CPU = Release|Any CPU
	EndGlobalSection
	GlobalSection(ProjectConfigurationPlatforms) = postSolution
		{99AA1409-5FDA-5371-27C1-1A54BD978F96}.Debug|Any CPU.ActiveCfg = Debug|Any CPU
		{99AA1409-5FDA-5371-27C1-1A54BD978F96}.Debug|Any CPU.Build.0 = Debug|Any CPU
		{99AA1409-5FDA-5371-27C1-1A54BD978F96}.Release|Any CPU.ActiveCfg = Release|Any CPU
		{99AA1409-5FDA-5371-27C1-1A54BD978F96}.Release|Any CPU.Build.0 = Release|Any CPU
	EndGlobalSection
	GlobalSection(SolutionProperties) = preSolution
		HideSolutionNode = FALSE
	EndGlobalSection
	GlobalSection(ExtensibilityGlobals) = postSolution
		SolutionGuid = {EFCBD127-7AE9-445D-AC5C-C28F74DF1B2B}
	EndGlobalSection
EndGlobal
